
Microsoft Visual Studio Solution File, Format Version 12.00
# Visual Studio Version 17
VisualStudioVersion = 17.5.33530.505
MinimumVisualStudioVersion = 10.0.40219.1
Project("{FAE04EC0-301F-11D3-BF4B-00C04F79EFBC}") = "notesass", "notesass\notesass.csproj", "{F295CB60-5A09-4C8B-829B-239472F198AF}"
EndProject
Global
	GlobalSection(SolutionConfigurationPlatforms) = preSolution
		Debug|Any CPU = Debug|Any CPU
		Release|Any CPU = Release|Any CPU
	EndGlobalSection
	GlobalSection(ProjectConfigurationPlatforms) = postSolution
		{F295CB60-5A09-4C8B-829B-239472F198AF}.Debug|Any CPU.ActiveCfg = Debug|Any CPU
		{F295CB60-5A09-4C8B-829B-239472F198AF}.Debug|Any CPU.Build.0 = Debug|Any CPU
		{F295CB60-5A09-4C8B-829B-239472F198AF}.Release|Any CPU.ActiveCfg = Release|Any CPU
		{F295CB60-5A09-4C8B-829B-239472F198AF}.Release|Any CPU.Build.0 = Release|Any CPU
	EndGlobalSection
	GlobalSection(SolutionProperties) = preSolution
		HideSolutionNode = FALSE
	EndGlobalSection
	GlobalSection(ExtensibilityGlobals) = postSolution
		SolutionGuid = {7E0A9BB3-0B65-474D-8BE1-392FE56B4AFA}
	EndGlobalSection
EndGlobal
